
Microsoft Visual Studio Solution File, Format Version 12.00
# Visual Studio Version 17
VisualStudioVersion = 17.6.33815.320
MinimumVisualStudioVersion = 10.0.40219.1
Project("{FAE04EC0-301F-11D3-BF4B-00C04F79EFBC}") = "ConsoleAppOptionalParameter", "ConsoleAppOptionalParameter\ConsoleAppOptionalParameter.csproj", "{399579CA-1A61-408D-B730-AEC853F772D4}"
EndProject
Global
	GlobalSection(SolutionConfigurationPlatforms) = preSolution
		Debug|Any CPU = Debug|Any CPU
		Release|Any CPU = Release|Any CPU
	EndGlobalSection
	GlobalSection(ProjectConfigurationPlatforms) = postSolution
		{399579CA-1A61-408D-B730-AEC853F772D4}.Debug|Any CPU.ActiveCfg = Debug|Any CPU
		{399579CA-1A61-408D-B730-AEC853F772D4}.Debug|Any CPU.Build.0 = Debug|Any CPU
		{399579CA-1A61-408D-B730-AEC853F772D4}.Release|Any CPU.ActiveCfg = Release|Any CPU
		{399579CA-1A61-408D-B730-AEC853F772D4}.Release|Any CPU.Build.0 = Release|Any CPU
	EndGlobalSection
	GlobalSection(SolutionProperties) = preSolution
		HideSolutionNode = FALSE
	EndGlobalSection
	GlobalSection(ExtensibilityGlobals) = postSolution
		SolutionGuid = {3AAE9A31-DAD7-4488-A8DF-A9B4581A8FFA}
	EndGlobalSection
EndGlobal
