
Microsoft Visual Studio Solution File, Format Version 12.00
# Visual Studio Version 17
VisualStudioVersion = 17.6.33815.320
MinimumVisualStudioVersion = 10.0.40219.1
Project("{FAE04EC0-301F-11D3-BF4B-00C04F79EFBC}") = "ConAppAssignment_1", "ConAppAssignment_1\ConAppAssignment_1.csproj", "{914718F4-8ABD-4394-B1FB-BB90565D1EC3}"
EndProject
Global
	GlobalSection(SolutionConfigurationPlatforms) = preSolution
		Debug|Any CPU = Debug|Any CPU
		Release|Any CPU = Release|Any CPU
	EndGlobalSection
	GlobalSection(ProjectConfigurationPlatforms) = postSolution
		{914718F4-8ABD-4394-B1FB-BB90565D1EC3}.Debug|Any CPU.ActiveCfg = Debug|Any CPU
		{914718F4-8ABD-4394-B1FB-BB90565D1EC3}.Debug|Any CPU.Build.0 = Debug|Any CPU
		{914718F4-8ABD-4394-B1FB-BB90565D1EC3}.Release|Any CPU.ActiveCfg = Release|Any CPU
		{914718F4-8ABD-4394-B1FB-BB90565D1EC3}.Release|Any CPU.Build.0 = Release|Any CPU
	EndGlobalSection
	GlobalSection(SolutionProperties) = preSolution
		HideSolutionNode = FALSE
	EndGlobalSection
	GlobalSection(ExtensibilityGlobals) = postSolution
		SolutionGuid = {4AF5F0E1-D191-459C-B773-292621F22A25}
	EndGlobalSection
EndGlobal
